// !$*UTF8*$!
{
	archiveVersion = 1;
	classes = {
	};
	objectVersion = 50;
	objects = {

/* Begin PBXBuildFile section */
		76091BF22405C33300BEAFA6 /* ToDoItemView.swift in Sources */ = {isa = PBXBuildFile; fileRef = 76091BF12405C33300BEAFA6 /* ToDoItemView.swift */; };
		766C32F32405BA110079338C /* AppDelegate.swift in Sources */ = {isa = PBXBuildFile; fileRef = 766C32F22405BA110079338C /* AppDelegate.swift */; };
		766C32F52405BA110079338C /* SceneDelegate.swift in Sources */ = {isa = PBXBuildFile; fileRef = 766C32F42405BA110079338C /* SceneDelegate.swift */; };
		766C32F82405BA110079338C /* todo.xcdatamodeld in Sources */ = {isa = PBXBuildFile; fileRef = 766C32F62405BA110079338C /* todo.xcdatamodeld */; };
		766C32FA2405BA110079338C /* ContentView.swift in Sources */ = {isa = PBXBuildFile; fileRef = 766C32F92405BA110079338C /* ContentView.swift */; };
		766C32FC2405BA150079338C /* Assets.xcassets in Resources */ = {isa = PBXBuildFile; fileRef = 766C32FB2405BA150079338C /* Assets.xcassets */; };
		766C32FF2405BA150079338C /* Preview Assets.xcassets in Resources */ = {isa = PBXBuildFile; fileRef = 766C32FE2405BA150079338C /* Preview Assets.xcassets */; };
		766C33022405BA150079338C /* LaunchScreen.storyboard in Resources */ = {isa = PBXBuildFile; fileRef = 766C33002405BA150079338C /* LaunchScreen.storyboard */; };
		766C330A2405BB0B0079338C /* ToDoItem.swift in Sources */ = {isa = PBXBuildFile; fileRef = 766C33092405BB0B0079338C /* ToDoItem.swift */; };
/* End PBXBuildFile section */

/* Begin PBXFileReference section */
		76091BF12405C33300BEAFA6 /* ToDoItemView.swift */ = {isa = PBXFileReference; lastKnownFileType = sourcecode.swift; path = ToDoItemView.swift; sourceTree = "<group>"; };
		766C32EF2405BA110079338C /* todo.app */ = {isa = PBXFileReference; explicitFileType = wrapper.application; includeInIndex = 0; path = todo.app; sourceTree = BUILT_PRODUCTS_DIR; };
		766C32F22405BA110079338C /* AppDelegate.swift */ = {isa = PBXFileReference; lastKnownFileType = sourcecode.swift; path = AppDelegate.swift; sourceTree = "<group>"; };
		766C32F42405BA110079338C /* SceneDelegate.swift */ = {isa = PBXFileReference; lastKnownFileType = sourcecode.swift; path = SceneDelegate.swift; sourceTree = "<group>"; };
		766C32F72405BA110079338C /* todo.xcdatamodel */ = {isa = PBXFileReference; lastKnownFileType = wrapper.xcdatamodel; path = todo.xcdatamodel; sourceTree = "<group>"; };
		766C32F92405BA110079338C /* ContentView.swift */ = {isa = PBXFileReference; lastKnownFileType = sourcecode.swift; path = ContentView.swift; sourceTree = "<group>"; };
		766C32FB2405BA150079338C /* Assets.xcassets */ = {isa = PBXFileReference; lastKnownFileType = folder.assetcatalog; path = Assets.xcassets; sourceTree = "<group>"; };
		766C32FE2405BA150079338C /* Preview Assets.xcassets */ = {isa = PBXFileReference; lastKnownFileType = folder.assetcatalog; path = "Preview Assets.xcassets"; sourceTree = "<group>"; };
		766C33012405BA150079338C /* Base */ = {isa = PBXFileReference; lastKnownFileType = file.storyboard; name = Base; path = Base.lproj/LaunchScreen.storyboard; sourceTree = "<group>"; };
		766C33032405BA150079338C /* Info.plist */ = {isa = PBXFileReference; lastKnownFileType = text.plist.xml; path = Info.plist; sourceTree = "<group>"; };
		766C33092405BB0B0079338C /* ToDoItem.swift */ = {isa = PBXFileReference; lastKnownFileType = sourcecode.swift; path = ToDoItem.swift; sourceTree = "<group>"; };
/* End PBXFileReference section */

/* Begin PBXFrameworksBuildPhase section */
		766C32EC2405BA110079338C /* Frameworks */ = {
			isa = PBXFrameworksBuildPhase;
			buildActionMask = 2147483647;
			files = (
			);
			runOnlyForDeploymentPostprocessing = 0;
		};
/* End PBXFrameworksBuildPhase section */

/* Begin PBXGroup section */
		766C32E62405BA110079338C = {
			isa = PBXGroup;
			children = (
				766C32F12405BA110079338C /* todo */,
				766C32F02405BA110079338C /* Products */,
			);
			sourceTree = "<group>";
		};
		766C32F02405BA110079338C /* Products */ = {
			isa = PBXGroup;
			children = (
				766C32EF2405BA110079338C /* todo.app */,
			);
			name = Products;
			sourceTree = "<group>";
		};
		766C32F12405BA110079338C /* todo */ = {
			isa = PBXGroup;
			children = (
				766C32F22405BA110079338C /* AppDelegate.swift */,
				766C32F42405BA110079338C /* SceneDelegate.swift */,
				766C32F92405BA110079338C /* ContentView.swift */,
				766C32FB2405BA150079338C /* Assets.xcassets */,
				766C33002405BA150079338C /* LaunchScreen.storyboard */,
				766C33032405BA150079338C /* Info.plist */,
				766C32F62405BA110079338C /* todo.xcdatamodeld */,
				766C32FD2405BA150079338C /* Preview Content */,
				766C33092405BB0B0079338C /* ToDoItem.swift */,
				76091BF12405C33300BEAFA6 /* ToDoItemView.swift */,
			);
			path = todo;
			sourceTree = "<group>";
		};
		766C32FD2405BA150079338C /* Preview Content */ = {
			isa = PBXGroup;
			children = (
				766C32FE2405BA150079338C /* Preview Assets.xcassets */,
			);
			path = "Preview Content";
			sourceTree = "<group>";
		};
/* End PBXGroup section */

/* Begin PBXNativeTarget section */
		766C32EE2405BA110079338C /* todo */ = {
			isa = PBXNativeTarget;
			buildConfigurationList = 766C33062405BA150079338C /* Build configuration list for PBXNativeTarget "todo" */;
			buildPhases = (
				766C32EB2405BA110079338C /* Sources */,
				766C32EC2405BA110079338C /* Frameworks */,
				766C32ED2405BA110079338C /* Resources */,
			);
			buildRules = (
			);
			dependencies = (
			);
			name = todo;
			productName = todo;
			productReference = 766C32EF2405BA110079338C /* todo.app */;
			productType = "com.apple.product-type.application";
		};
/* End PBXNativeTarget section */

/* Begin PBXProject section */
		766C32E72405BA110079338C /* Project object */ = {
			isa = PBXProject;
			attributes = {
				LastSwiftUpdateCheck = 1130;
				LastUpgradeCheck = 1130;
				ORGANIZATIONNAME = "Kelven Irvine Borges Galvão";
				TargetAttributes = {
					766C32EE2405BA110079338C = {
						CreatedOnToolsVersion = 11.3.1;
					};
				};
			};
			buildConfigurationList = 766C32EA2405BA110079338C /* Build configuration list for PBXProject "todo" */;
			compatibilityVersion = "Xcode 9.3";
			developmentRegion = en;
			hasScannedForEncodings = 0;
			knownRegions = (
				en,
				Base,
			);
			mainGroup = 766C32E62405BA110079338C;
			productRefGroup = 766C32F02405BA110079338C /* Products */;
			projectDirPath = "";
			projectRoot = "";
			targets = (
				766C32EE2405BA110079338C /* todo */,
			);
		};
/* End PBXProject section */

/* Begin PBXResourcesBuildPhase section */
		766C32ED2405BA110079338C /* Resources */ = {
			isa = PBXResourcesBuildPhase;
			buildActionMask = 2147483647;
			files = (
				766C33022405BA150079338C /* LaunchScreen.storyboard in Resources */,
				766C32FF2405BA150079338C /* Preview Assets.xcassets in Resources */,
				766C32FC2405BA150079338C /* Assets.xcassets in Resources */,
			);
			runOnlyForDeploymentPostprocessing = 0;
		};
/* End PBXResourcesBuildPhase section */

/* Begin PBXSourcesBuildPhase section */
		766C32EB2405BA110079338C /* Sources */ = {
			isa = PBXSourcesBuildPhase;
			buildActionMask = 2147483647;
			files = (
				766C32F32405BA110079338C /* AppDelegate.swift in Sources */,
				766C32F52405BA110079338C /* SceneDelegate.swift in Sources */,
				766C330A2405BB0B0079338C /* ToDoItem.swift in Sources */,
				766C32FA2405BA110079338C /* ContentView.swift in Sources */,
				766C32F82405BA110079338C /* todo.xcdatamodeld in Sources */,
				76091BF22405C33300BEAFA6 /* ToDoItemView.swift in Sources */,
			);
			runOnlyForDeploymentPostprocessing = 0;
		};
/* End PBXSourcesBuildPhase section */

/* Begin PBXVariantGroup section */
		766C33002405BA150079338C /* LaunchScreen.storyboard */ = {
			isa = PBXVariantGroup;
			children = (
				766C33012405BA150079338C /* Base */,
			);
			name = LaunchScreen.storyboard;
			sourceTree = "<group>";
		};
/* End PBXVariantGroup section */

/* Begin XCBuildConfiguration section */
		766C33042405BA150079338C /* Debug */ = {
			isa = XCBuildConfiguration;
			buildSettings = {
				ALWAYS_SEARCH_USER_PATHS = NO;
				CLANG_ANALYZER_NONNULL = YES;
				CLANG_ANALYZER_NUMBER_OBJECT_CONVERSION = YES_AGGRESSIVE;
				CLANG_CXX_LANGUAGE_STANDARD = "gnu++14";
				CLANG_CXX_LIBRARY = "libc++";
				CLANG_ENABLE_MODULES = YES;
				CLANG_ENABLE_OBJC_ARC = YES;
				CLANG_ENABLE_OBJC_WEAK = YES;
				CLANG_WARN_BLOCK_CAPTURE_AUTORELEASING = YES;
				CLANG_WARN_BOOL_CONVERSION = YES;
				CLANG_WARN_COMMA = YES;
				CLANG_WARN_CONSTANT_CONVERSION = YES;
				CLANG_WARN_DEPRECATED_OBJC_IMPLEMENTATIONS = YES;
				CLANG_WARN_DIRECT_OBJC_ISA_USAGE = YES_ERROR;
				CLANG_WARN_DOCUMENTATION_COMMENTS = YES;
				CLANG_WARN_EMPTY_BODY = YES;
				CLANG_WARN_ENUM_CONVERSION = YES;
				CLANG_WARN_INFINITE_RECURSION = YES;
				CLANG_WARN_INT_CONVERSION = YES;
				CLANG_WARN_NON_LITERAL_NULL_CONVERSION = YES;
				CLANG_WARN_OBJC_IMPLICIT_RETAIN_SELF = YES;
				CLANG_WARN_OBJC_LITERAL_CONVERSION = YES;
				CLANG_WARN_OBJC_ROOT_CLASS = YES_ERROR;
				CLANG_WARN_RANGE_LOOP_ANALYSIS = YES;
				CLANG_WARN_STRICT_PROTOTYPES = YES;
				CLANG_WARN_SUSPICIOUS_MOVE = YES;
				CLANG_WARN_UNGUARDED_AVAILABILITY = YES_AGGRESSIVE;
				CLANG_WARN_UNREACHABLE_CODE = YES;
				CLANG_WARN__DUPLICATE_METHOD_MATCH = YES;
				COPY_PHASE_STRIP = NO;
				DEBUG_INFORMATION_FORMAT = dwarf;
				ENABLE_STRICT_OBJC_MSGSEND = YES;
				ENABLE_TESTABILITY = YES;
				GCC_C_LANGUAGE_STANDARD = gnu11;
				GCC_DYNAMIC_NO_PIC = NO;
				GCC_NO_COMMON_BLOCKS = YES;
				GCC_OPTIMIZATION_LEVEL = 0;
				GCC_PREPROCESSOR_DEFINITIONS = (
					"DEBUG=1",
					"$(inherited)",
				);
				GCC_WARN_64_TO_32_BIT_CONVERSION = YES;
				GCC_WARN_ABOUT_RETURN_TYPE = YES_ERROR;
				GCC_WARN_UNDECLARED_SELECTOR = YES;
				GCC_WARN_UNINITIALIZED_AUTOS = YES_AGGRESSIVE;
				GCC_WARN_UNUSED_FUNCTION = YES;
				GCC_WARN_UNUSED_VARIABLE = YES;
				IPHONEOS_DEPLOYMENT_TARGET = 13.2;
				MTL_ENABLE_DEBUG_INFO = INCLUDE_SOURCE;
				MTL_FAST_MATH = YES;
				ONLY_ACTIVE_ARCH = YES;
				SDKROOT = iphoneos;
				SWIFT_ACTIVE_COMPILATION_CONDITIONS = DEBUG;
				SWIFT_OPTIMIZATION_LEVEL = "-Onone";
			};
			name = Debug;
		};
		766C33052405BA150079338C /* Release */ = {
			isa = XCBuildConfiguration;
			buildSettings = {
				ALWAYS_SEARCH_USER_PATHS = NO;
				CLANG_ANALYZER_NONNULL = YES;
				CLANG_ANALYZER_NUMBER_OBJECT_CONVERSION = YES_AGGRESSIVE;
				CLANG_CXX_LANGUAGE_STANDARD = "gnu++14";
				CLANG_CXX_LIBRARY = "libc++";
				CLANG_ENABLE_MODULES = YES;
				CLANG_ENABLE_OBJC_ARC = YES;
				CLANG_ENABLE_OBJC_WEAK = YES;
				CLANG_WARN_BLOCK_CAPTURE_AUTORELEASING = YES;
				CLANG_WARN_BOOL_CONVERSION = YES;
				CLANG_WARN_COMMA = YES;
				CLANG_WARN_CONSTANT_CONVERSION = YES;
				CLANG_WARN_DEPRECATED_OBJC_IMPLEMENTATIONS = YES;
				CLANG_WARN_DIRECT_OBJC_ISA_USAGE = YES_ERROR;
				CLANG_WARN_DOCUMENTATION_COMMENTS = YES;
				CLANG_WARN_EMPTY_BODY = YES;
				CLANG_WARN_ENUM_CONVERSION = YES;
				CLANG_WARN_INFINITE_RECURSION = YES;
				CLANG_WARN_INT_CONVERSION = YES;
				CLANG_WARN_NON_LITERAL_NULL_CONVERSION = YES;
				CLANG_WARN_OBJC_IMPLICIT_RETAIN_SELF = YES;
				CLANG_WARN_OBJC_LITERAL_CONVERSION = YES;
				CLANG_WARN_OBJC_ROOT_CLASS = YES_ERROR;
				CLANG_WARN_RANGE_LOOP_ANALYSIS = YES;
				CLANG_WARN_STRICT_PROTOTYPES = YES;
				CLANG_WARN_SUSPICIOUS_MOVE = YES;
				CLANG_WARN_UNGUARDED_AVAILABILITY = YES_AGGRESSIVE;
				CLANG_WARN_UNREACHABLE_CODE = YES;
				CLANG_WARN__DUPLICATE_METHOD_MATCH = YES;
				COPY_PHASE_STRIP = NO;
				DEBUG_INFORMATION_FORMAT = "dwarf-with-dsym";
				ENABLE_NS_ASSERTIONS = NO;
				ENABLE_STRICT_OBJC_MSGSEND = YES;
				GCC_C_LANGUAGE_STANDARD = gnu11;
				GCC_NO_COMMON_BLOCKS = YES;
				GCC_WARN_64_TO_32_BIT_CONVERSION = YES;
				GCC_WARN_ABOUT_RETURN_TYPE = YES_ERROR;
				GCC_WARN_UNDECLARED_SELECTOR = YES;
				GCC_WARN_UNINITIALIZED_AUTOS = YES_AGGRESSIVE;
				GCC_WARN_UNUSED_FUNCTION = YES;
				GCC_WARN_UNUSED_VARIABLE = YES;
				IPHONEOS_DEPLOYMENT_TARGET = 13.2;
				MTL_ENABLE_DEBUG_INFO = NO;
				MTL_FAST_MATH = YES;
				SDKROOT = iphoneos;
				SWIFT_COMPILATION_MODE = wholemodule;
				SWIFT_OPTIMIZATION_LEVEL = "-O";
				VALIDATE_PRODUCT = YES;
			};
			name = Release;
		};
		766C33072405BA150079338C /* Debug */ = {
			isa = XCBuildConfiguration;
			buildSettings = {
				ASSETCATALOG_COMPILER_APPICON_NAME = AppIcon;
				CODE_SIGN_STYLE = Automatic;
				DEVELOPMENT_ASSET_PATHS = "\"todo/Preview Content\"";
				ENABLE_PREVIEWS = YES;
				INFOPLIST_FILE = todo/Info.plist;
				LD_RUNPATH_SEARCH_PATHS = (
					"$(inherited)",
					"@executable_path/Frameworks",
				);
				PRODUCT_BUNDLE_IDENTIFIER = com.irvine5k.todo;
				PRODUCT_NAME = "$(TARGET_NAME)";
				SWIFT_VERSION = 5.0;
				TARGETED_DEVICE_FAMILY = "1,2";
			};
			name = Debug;
		};
		766C33082405BA150079338C /* Release */ = {
			isa = XCBuildConfiguration;
			buildSettings = {
				ASSETCATALOG_COMPILER_APPICON_NAME = AppIcon;
				CODE_SIGN_STYLE = Automatic;
				DEVELOPMENT_ASSET_PATHS = "\"todo/Preview Content\"";
				ENABLE_PREVIEWS = YES;
				INFOPLIST_FILE = todo/Info.plist;
				LD_RUNPATH_SEARCH_PATHS = (
					"$(inherited)",
					"@executable_path/Frameworks",
				);
				PRODUCT_BUNDLE_IDENTIFIER = com.irvine5k.todo;
				PRODUCT_NAME = "$(TARGET_NAME)";
				SWIFT_VERSION = 5.0;
				TARGETED_DEVICE_FAMILY = "1,2";
			};
			name = Release;
		};
/* End XCBuildConfiguration section */

/* Begin XCConfigurationList section */
		766C32EA2405BA110079338C /* Build configuration list for PBXProject "todo" */ = {
			isa = XCConfigurationList;
			buildConfigurations = (
				766C33042405BA150079338C /* Debug */,
				766C33052405BA150079338C /* Release */,
			);
			defaultConfigurationIsVisible = 0;
			defaultConfigurationName = Release;
		};
		766C33062405BA150079338C /* Build configuration list for PBXNativeTarget "todo" */ = {
			isa = XCConfigurationList;
			buildConfigurations = (
				766C33072405BA150079338C /* Debug */,
				766C33082405BA150079338C /* Release */,
			);
			defaultConfigurationIsVisible = 0;
			defaultConfigurationName = Release;
		};
/* End XCConfigurationList section */

/* Begin XCVersionGroup section */
		766C32F62405BA110079338C /* todo.xcdatamodeld */ = {
			isa = XCVersionGroup;
			children = (
				766C32F72405BA110079338C /* todo.xcdatamodel */,
			);
			currentVersion = 766C32F72405BA110079338C /* todo.xcdatamodel */;
			path = todo.xcdatamodeld;
			sourceTree = "<group>";
			versionGroupType = wrapper.xcdatamodel;
		};
/* End XCVersionGroup section */
	};
	rootObject = 766C32E72405BA110079338C /* Project object */;
}
